// !$*UTF8*$!
{
	archiveVersion = 1;
	classes = {
	};
	objectVersion = 51;
	objects = {

/* Begin PBXBuildFile section */
		06CABF55B702A19D415BE4ED /* Pods_NTNU_Course_CrawerTests.framework in Frameworks */ = {isa = PBXBuildFile; fileRef = 13BCB57A8EF29140D2FBA2D6 /* Pods_NTNU_Course_CrawerTests.framework */; };
		184DAEF29D64FD90EC8E45E4 /* Pods_NTNU_Course_Crawer_NTNU_Course_CrawerUITests.framework in Frameworks */ = {isa = PBXBuildFile; fileRef = 33DE7D96C4E2AB946DFA1A83 /* Pods_NTNU_Course_Crawer_NTNU_Course_CrawerUITests.framework */; };
		5904F85324A76CFB00F39AB0 /* SectionSelection.swift in Sources */ = {isa = PBXBuildFile; fileRef = 5904F85224A76CFB00F39AB0 /* SectionSelection.swift */; };
		5958BB0724ADDA770099E2AA /* CourseListView.swift in Sources */ = {isa = PBXBuildFile; fileRef = 5958BB0624ADDA770099E2AA /* CourseListView.swift */; };
		5958BB0924ADDB3E0099E2AA /* CourseRow.swift in Sources */ = {isa = PBXBuildFile; fileRef = 5958BB0824ADDB3E0099E2AA /* CourseRow.swift */; };
		5958BB0B24ADE17E0099E2AA /* MainView.swift in Sources */ = {isa = PBXBuildFile; fileRef = 5958BB0A24ADE17E0099E2AA /* MainView.swift */; };
		5958BB0D24ADE2450099E2AA /* LoginView.swift in Sources */ = {isa = PBXBuildFile; fileRef = 5958BB0C24ADE2450099E2AA /* LoginView.swift */; };
		5958BB0F24AE12D90099E2AA /* EntryView.swift in Sources */ = {isa = PBXBuildFile; fileRef = 5958BB0E24AE12D90099E2AA /* EntryView.swift */; };
		595CDFB124AF72E700499FA6 /* QueryCourseMotherView.swift in Sources */ = {isa = PBXBuildFile; fileRef = 595CDFB024AF72E700499FA6 /* QueryCourseMotherView.swift */; };
		595CDFB524AF941300499FA6 /* KeyboardAdaptive.swift in Sources */ = {isa = PBXBuildFile; fileRef = 595CDFB424AF941300499FA6 /* KeyboardAdaptive.swift */; };
		59B4574024A6038600E68A31 /* QueryCourseView.swift in Sources */ = {isa = PBXBuildFile; fileRef = 59B4573F24A6038600E68A31 /* QueryCourseView.swift */; };
		59B4574424A6048700E68A31 /* NButton.swift in Sources */ = {isa = PBXBuildFile; fileRef = 59B4574324A6048700E68A31 /* NButton.swift */; };
		59B4574624A604D300E68A31 /* NLabelTextField.swift in Sources */ = {isa = PBXBuildFile; fileRef = 59B4574524A604D300E68A31 /* NLabelTextField.swift */; };
		59B4574824A6087800E68A31 /* NPicker.swift in Sources */ = {isa = PBXBuildFile; fileRef = 59B4574724A6087800E68A31 /* NPicker.swift */; };
		59B4574A24A6088F00E68A31 /* CourseInfoView.swift in Sources */ = {isa = PBXBuildFile; fileRef = 59B4574924A6088F00E68A31 /* CourseInfoView.swift */; };
		59B4574D24A62ECC00E68A31 /* .gitattribute in Resources */ = {isa = PBXBuildFile; fileRef = 59B4574C24A62ECC00E68A31 /* .gitattribute */; };
		59B4574F24A64D2900E68A31 /* sampleCourse.json in Resources */ = {isa = PBXBuildFile; fileRef = 59B4574E24A64D2900E68A31 /* sampleCourse.json */; };
		835E997FF7CB061EDB937106 /* Pods_NTNU_Course_Crawer.framework in Frameworks */ = {isa = PBXBuildFile; fileRef = 04527414A7ECD521C1E3F9B6 /* Pods_NTNU_Course_Crawer.framework */; };
		9F158BF12414FD8D008FE785 /* AppDelegate.swift in Sources */ = {isa = PBXBuildFile; fileRef = 9F158BF02414FD8D008FE785 /* AppDelegate.swift */; };
		9F158BF32414FD8D008FE785 /* SceneDelegate.swift in Sources */ = {isa = PBXBuildFile; fileRef = 9F158BF22414FD8D008FE785 /* SceneDelegate.swift */; };
		9F158BF52414FD8D008FE785 /* ViewController.swift in Sources */ = {isa = PBXBuildFile; fileRef = 9F158BF42414FD8D008FE785 /* ViewController.swift */; };
		9F158BF82414FD8D008FE785 /* Main.storyboard in Resources */ = {isa = PBXBuildFile; fileRef = 9F158BF62414FD8D008FE785 /* Main.storyboard */; };
		9F158BFA2414FD95008FE785 /* Assets.xcassets in Resources */ = {isa = PBXBuildFile; fileRef = 9F158BF92414FD95008FE785 /* Assets.xcassets */; };
		9F158BFD2414FD95008FE785 /* LaunchScreen.storyboard in Resources */ = {isa = PBXBuildFile; fileRef = 9F158BFB2414FD95008FE785 /* LaunchScreen.storyboard */; };
		9F158C082414FD95008FE785 /* NTNU_Course_CrawerTests.swift in Sources */ = {isa = PBXBuildFile; fileRef = 9F158C072414FD95008FE785 /* NTNU_Course_CrawerTests.swift */; };
		9F158C132414FD95008FE785 /* NTNU_Course_CrawerUITests.swift in Sources */ = {isa = PBXBuildFile; fileRef = 9F158C122414FD95008FE785 /* NTNU_Course_CrawerUITests.swift */; };
		9FA11ED9244069A4000B4A6E /* LoginModel.swift in Sources */ = {isa = PBXBuildFile; fileRef = 9FA11ED8244069A4000B4A6E /* LoginModel.swift */; };
		9FD848F0244CA6A00072E047 /* MainMenuViewController.swift in Sources */ = {isa = PBXBuildFile; fileRef = 9FD848EF244CA6A00072E047 /* MainMenuViewController.swift */; };
		9FEB82B224A488AE007CFD32 /* QueryModel.swift in Sources */ = {isa = PBXBuildFile; fileRef = 9FEB82B124A488AE007CFD32 /* QueryModel.swift */; };
/* End PBXBuildFile section */

/* Begin PBXContainerItemProxy section */
		9F158C042414FD95008FE785 /* PBXContainerItemProxy */ = {
			isa = PBXContainerItemProxy;
			containerPortal = 9F158BE52414FD8D008FE785 /* Project object */;
			proxyType = 1;
			remoteGlobalIDString = 9F158BEC2414FD8D008FE785;
			remoteInfo = "NTNU Course Crawer";
		};
		9F158C0F2414FD95008FE785 /* PBXContainerItemProxy */ = {
			isa = PBXContainerItemProxy;
			containerPortal = 9F158BE52414FD8D008FE785 /* Project object */;
			proxyType = 1;
			remoteGlobalIDString = 9F158BEC2414FD8D008FE785;
			remoteInfo = "NTNU Course Crawer";
		};
/* End PBXContainerItemProxy section */

/* Begin PBXFileReference section */
		04527414A7ECD521C1E3F9B6 /* Pods_NTNU_Course_Crawer.framework */ = {isa = PBXFileReference; explicitFileType = wrapper.framework; includeInIndex = 0; path = Pods_NTNU_Course_Crawer.framework; sourceTree = BUILT_PRODUCTS_DIR; };
		13BCB57A8EF29140D2FBA2D6 /* Pods_NTNU_Course_CrawerTests.framework */ = {isa = PBXFileReference; explicitFileType = wrapper.framework; includeInIndex = 0; path = Pods_NTNU_Course_CrawerTests.framework; sourceTree = BUILT_PRODUCTS_DIR; };
		33DE7D96C4E2AB946DFA1A83 /* Pods_NTNU_Course_Crawer_NTNU_Course_CrawerUITests.framework */ = {isa = PBXFileReference; explicitFileType = wrapper.framework; includeInIndex = 0; path = Pods_NTNU_Course_Crawer_NTNU_Course_CrawerUITests.framework; sourceTree = BUILT_PRODUCTS_DIR; };
		3BA1318A57F4D09905D3976E /* Pods-NTNU Course Crawer.release.xcconfig */ = {isa = PBXFileReference; includeInIndex = 1; lastKnownFileType = text.xcconfig; name = "Pods-NTNU Course Crawer.release.xcconfig"; path = "Target Support Files/Pods-NTNU Course Crawer/Pods-NTNU Course Crawer.release.xcconfig"; sourceTree = "<group>"; };
		5904F85224A76CFB00F39AB0 /* SectionSelection.swift */ = {isa = PBXFileReference; lastKnownFileType = sourcecode.swift; path = SectionSelection.swift; sourceTree = "<group>"; };
		5958BB0624ADDA770099E2AA /* CourseListView.swift */ = {isa = PBXFileReference; lastKnownFileType = sourcecode.swift; path = CourseListView.swift; sourceTree = "<group>"; };
		5958BB0824ADDB3E0099E2AA /* CourseRow.swift */ = {isa = PBXFileReference; lastKnownFileType = sourcecode.swift; path = CourseRow.swift; sourceTree = "<group>"; };
		5958BB0A24ADE17E0099E2AA /* MainView.swift */ = {isa = PBXFileReference; lastKnownFileType = sourcecode.swift; path = MainView.swift; sourceTree = "<group>"; };
		5958BB0C24ADE2450099E2AA /* LoginView.swift */ = {isa = PBXFileReference; lastKnownFileType = sourcecode.swift; path = LoginView.swift; sourceTree = "<group>"; };
		5958BB0E24AE12D90099E2AA /* EntryView.swift */ = {isa = PBXFileReference; lastKnownFileType = sourcecode.swift; path = EntryView.swift; sourceTree = "<group>"; };
		595CDFB024AF72E700499FA6 /* QueryCourseMotherView.swift */ = {isa = PBXFileReference; lastKnownFileType = sourcecode.swift; path = QueryCourseMotherView.swift; sourceTree = "<group>"; };
		595CDFB424AF941300499FA6 /* KeyboardAdaptive.swift */ = {isa = PBXFileReference; lastKnownFileType = sourcecode.swift; path = KeyboardAdaptive.swift; sourceTree = "<group>"; };
		59B4573F24A6038600E68A31 /* QueryCourseView.swift */ = {isa = PBXFileReference; lastKnownFileType = sourcecode.swift; path = QueryCourseView.swift; sourceTree = "<group>"; };
		59B4574324A6048700E68A31 /* NButton.swift */ = {isa = PBXFileReference; lastKnownFileType = sourcecode.swift; path = NButton.swift; sourceTree = "<group>"; };
		59B4574524A604D300E68A31 /* NLabelTextField.swift */ = {isa = PBXFileReference; lastKnownFileType = sourcecode.swift; path = NLabelTextField.swift; sourceTree = "<group>"; };
		59B4574724A6087800E68A31 /* NPicker.swift */ = {isa = PBXFileReference; lastKnownFileType = sourcecode.swift; path = NPicker.swift; sourceTree = "<group>"; };
		59B4574924A6088F00E68A31 /* CourseInfoView.swift */ = {isa = PBXFileReference; lastKnownFileType = sourcecode.swift; path = CourseInfoView.swift; sourceTree = "<group>"; };
		59B4574C24A62ECC00E68A31 /* .gitattribute */ = {isa = PBXFileReference; lastKnownFileType = text; path = .gitattribute; sourceTree = "<group>"; };
		59B4574E24A64D2900E68A31 /* sampleCourse.json */ = {isa = PBXFileReference; lastKnownFileType = text.json; path = sampleCourse.json; sourceTree = "<group>"; };
		67C5B2E2017C165C32A81377 /* CourseRequestModel.swift */ = {isa = PBXFileReference; fileEncoding = 4; lastKnownFileType = sourcecode.swift; path = CourseRequestModel.swift; sourceTree = "<group>"; };
		813577050871834327714403 /* Pods-NTNU Course Crawer-NTNU Course CrawerUITests.debug.xcconfig */ = {isa = PBXFileReference; includeInIndex = 1; lastKnownFileType = text.xcconfig; name = "Pods-NTNU Course Crawer-NTNU Course CrawerUITests.debug.xcconfig"; path = "Target Support Files/Pods-NTNU Course Crawer-NTNU Course CrawerUITests/Pods-NTNU Course Crawer-NTNU Course CrawerUITests.debug.xcconfig"; sourceTree = "<group>"; };
		820DF7B7B91A49F67B4E68FA /* Pods-NTNU Course CrawerTests.debug.xcconfig */ = {isa = PBXFileReference; includeInIndex = 1; lastKnownFileType = text.xcconfig; name = "Pods-NTNU Course CrawerTests.debug.xcconfig"; path = "Target Support Files/Pods-NTNU Course CrawerTests/Pods-NTNU Course CrawerTests.debug.xcconfig"; sourceTree = "<group>"; };
		954C35BF499513CF1136F69F /* Pods-NTNU Course Crawer-NTNU Course CrawerUITests.release.xcconfig */ = {isa = PBXFileReference; includeInIndex = 1; lastKnownFileType = text.xcconfig; name = "Pods-NTNU Course Crawer-NTNU Course CrawerUITests.release.xcconfig"; path = "Target Support Files/Pods-NTNU Course Crawer-NTNU Course CrawerUITests/Pods-NTNU Course Crawer-NTNU Course CrawerUITests.release.xcconfig"; sourceTree = "<group>"; };
		9F158BED2414FD8D008FE785 /* NTNU Course Crawer.app */ = {isa = PBXFileReference; explicitFileType = wrapper.application; includeInIndex = 0; path = "NTNU Course Crawer.app"; sourceTree = BUILT_PRODUCTS_DIR; };
		9F158BF02414FD8D008FE785 /* AppDelegate.swift */ = {isa = PBXFileReference; lastKnownFileType = sourcecode.swift; path = AppDelegate.swift; sourceTree = "<group>"; };
		9F158BF22414FD8D008FE785 /* SceneDelegate.swift */ = {isa = PBXFileReference; lastKnownFileType = sourcecode.swift; path = SceneDelegate.swift; sourceTree = "<group>"; };
		9F158BF42414FD8D008FE785 /* ViewController.swift */ = {isa = PBXFileReference; lastKnownFileType = sourcecode.swift; path = ViewController.swift; sourceTree = "<group>"; };
		9F158BF72414FD8D008FE785 /* Base */ = {isa = PBXFileReference; lastKnownFileType = file.storyboard; name = Base; path = Base.lproj/Main.storyboard; sourceTree = "<group>"; };
		9F158BF92414FD95008FE785 /* Assets.xcassets */ = {isa = PBXFileReference; lastKnownFileType = folder.assetcatalog; path = Assets.xcassets; sourceTree = "<group>"; };
		9F158BFC2414FD95008FE785 /* Base */ = {isa = PBXFileReference; lastKnownFileType = file.storyboard; name = Base; path = Base.lproj/LaunchScreen.storyboard; sourceTree = "<group>"; };
		9F158BFE2414FD95008FE785 /* Info.plist */ = {isa = PBXFileReference; lastKnownFileType = text.plist.xml; path = Info.plist; sourceTree = "<group>"; };
		9F158C032414FD95008FE785 /* NTNU Course CrawerTests.xctest */ = {isa = PBXFileReference; explicitFileType = wrapper.cfbundle; includeInIndex = 0; path = "NTNU Course CrawerTests.xctest"; sourceTree = BUILT_PRODUCTS_DIR; };
		9F158C072414FD95008FE785 /* NTNU_Course_CrawerTests.swift */ = {isa = PBXFileReference; lastKnownFileType = sourcecode.swift; path = NTNU_Course_CrawerTests.swift; sourceTree = "<group>"; };
		9F158C092414FD95008FE785 /* Info.plist */ = {isa = PBXFileReference; lastKnownFileType = text.plist.xml; path = Info.plist; sourceTree = "<group>"; };
		9F158C0E2414FD95008FE785 /* NTNU Course CrawerUITests.xctest */ = {isa = PBXFileReference; explicitFileType = wrapper.cfbundle; includeInIndex = 0; path = "NTNU Course CrawerUITests.xctest"; sourceTree = BUILT_PRODUCTS_DIR; };
		9F158C122414FD95008FE785 /* NTNU_Course_CrawerUITests.swift */ = {isa = PBXFileReference; lastKnownFileType = sourcecode.swift; path = NTNU_Course_CrawerUITests.swift; sourceTree = "<group>"; };
		9F158C142414FD95008FE785 /* Info.plist */ = {isa = PBXFileReference; lastKnownFileType = text.plist.xml; path = Info.plist; sourceTree = "<group>"; };
		9FA11ED8244069A4000B4A6E /* LoginModel.swift */ = {isa = PBXFileReference; lastKnownFileType = sourcecode.swift; path = LoginModel.swift; sourceTree = "<group>"; };
		9FD848EF244CA6A00072E047 /* MainMenuViewController.swift */ = {isa = PBXFileReference; lastKnownFileType = sourcecode.swift; path = MainMenuViewController.swift; sourceTree = "<group>"; };
		9FEB82B124A488AE007CFD32 /* QueryModel.swift */ = {isa = PBXFileReference; fileEncoding = 4; lastKnownFileType = sourcecode.swift; path = QueryModel.swift; sourceTree = "<group>"; };
		C084B7A73AE1FD22D8649AF1 /* Pods-NTNU Course CrawerTests.release.xcconfig */ = {isa = PBXFileReference; includeInIndex = 1; lastKnownFileType = text.xcconfig; name = "Pods-NTNU Course CrawerTests.release.xcconfig"; path = "Target Support Files/Pods-NTNU Course CrawerTests/Pods-NTNU Course CrawerTests.release.xcconfig"; sourceTree = "<group>"; };
		DF614FC31288F759D2947E80 /* Pods-NTNU Course Crawer.debug.xcconfig */ = {isa = PBXFileReference; includeInIndex = 1; lastKnownFileType = text.xcconfig; name = "Pods-NTNU Course Crawer.debug.xcconfig"; path = "Target Support Files/Pods-NTNU Course Crawer/Pods-NTNU Course Crawer.debug.xcconfig"; sourceTree = "<group>"; };
/* End PBXFileReference section */

/* Begin PBXFrameworksBuildPhase section */
		9F158BEA2414FD8D008FE785 /* Frameworks */ = {
			isa = PBXFrameworksBuildPhase;
			buildActionMask = 2147483647;
			files = (
				835E997FF7CB061EDB937106 /* Pods_NTNU_Course_Crawer.framework in Frameworks */,
			);
			runOnlyForDeploymentPostprocessing = 0;
		};
		9F158C002414FD95008FE785 /* Frameworks */ = {
			isa = PBXFrameworksBuildPhase;
			buildActionMask = 2147483647;
			files = (
				06CABF55B702A19D415BE4ED /* Pods_NTNU_Course_CrawerTests.framework in Frameworks */,
			);
			runOnlyForDeploymentPostprocessing = 0;
		};
		9F158C0B2414FD95008FE785 /* Frameworks */ = {
			isa = PBXFrameworksBuildPhase;
			buildActionMask = 2147483647;
			files = (
				184DAEF29D64FD90EC8E45E4 /* Pods_NTNU_Course_Crawer_NTNU_Course_CrawerUITests.framework in Frameworks */,
			);
			runOnlyForDeploymentPostprocessing = 0;
		};
/* End PBXFrameworksBuildPhase section */

/* Begin PBXGroup section */
		5958BB1124AE171B0099E2AA /* Utils */ = {
			isa = PBXGroup;
			children = (
				595CDFB424AF941300499FA6 /* KeyboardAdaptive.swift */,
			);
			path = Utils;
			sourceTree = "<group>";
		};
		59B4573E24A602E900E68A31 /* Views */ = {
			isa = PBXGroup;
			children = (
				59B4573F24A6038600E68A31 /* QueryCourseView.swift */,
				59B4574924A6088F00E68A31 /* CourseInfoView.swift */,
				5958BB0624ADDA770099E2AA /* CourseListView.swift */,
				5958BB0A24ADE17E0099E2AA /* MainView.swift */,
				5958BB0C24ADE2450099E2AA /* LoginView.swift */,
				5958BB0E24AE12D90099E2AA /* EntryView.swift */,
				595CDFB024AF72E700499FA6 /* QueryCourseMotherView.swift */,
			);
			path = Views;
			sourceTree = "<group>";
		};
		59B4574124A6046000E68A31 /* Components */ = {
			isa = PBXGroup;
			children = (
				59B4574724A6087800E68A31 /* NPicker.swift */,
				59B4574324A6048700E68A31 /* NButton.swift */,
				59B4574524A604D300E68A31 /* NLabelTextField.swift */,
				5904F85224A76CFB00F39AB0 /* SectionSelection.swift */,
				5958BB0824ADDB3E0099E2AA /* CourseRow.swift */,
			);
			path = Components;
			sourceTree = "<group>";
		};
		59B4574B24A62E7300E68A31 /* Recovered References */ = {
			isa = PBXGroup;
			children = (
				67C5B2E2017C165C32A81377 /* CourseRequestModel.swift */,
			);
			name = "Recovered References";
			sourceTree = "<group>";
		};
		913A0DF4E8ACF53AECDA5DF2 /* Pods */ = {
			isa = PBXGroup;
			children = (
				DF614FC31288F759D2947E80 /* Pods-NTNU Course Crawer.debug.xcconfig */,
				3BA1318A57F4D09905D3976E /* Pods-NTNU Course Crawer.release.xcconfig */,
				813577050871834327714403 /* Pods-NTNU Course Crawer-NTNU Course CrawerUITests.debug.xcconfig */,
				954C35BF499513CF1136F69F /* Pods-NTNU Course Crawer-NTNU Course CrawerUITests.release.xcconfig */,
				820DF7B7B91A49F67B4E68FA /* Pods-NTNU Course CrawerTests.debug.xcconfig */,
				C084B7A73AE1FD22D8649AF1 /* Pods-NTNU Course CrawerTests.release.xcconfig */,
			);
			path = Pods;
			sourceTree = "<group>";
		};
		9F158BE42414FD8D008FE785 = {
			isa = PBXGroup;
			children = (
				59B4574C24A62ECC00E68A31 /* .gitattribute */,
				9F158BEF2414FD8D008FE785 /* NTNU Course Crawer */,
				9F158C062414FD95008FE785 /* NTNU Course CrawerTests */,
				9F158C112414FD95008FE785 /* NTNU Course CrawerUITests */,
				9F158BEE2414FD8D008FE785 /* Products */,
				913A0DF4E8ACF53AECDA5DF2 /* Pods */,
				B7C1D36D3D73956DE00CD73A /* Frameworks */,
				59B4574B24A62E7300E68A31 /* Recovered References */,
			);
			sourceTree = "<group>";
		};
		9F158BEE2414FD8D008FE785 /* Products */ = {
			isa = PBXGroup;
			children = (
				9F158BED2414FD8D008FE785 /* NTNU Course Crawer.app */,
				9F158C032414FD95008FE785 /* NTNU Course CrawerTests.xctest */,
				9F158C0E2414FD95008FE785 /* NTNU Course CrawerUITests.xctest */,
			);
			name = Products;
			sourceTree = "<group>";
		};
		9F158BEF2414FD8D008FE785 /* NTNU Course Crawer */ = {
			isa = PBXGroup;
			children = (
				5958BB1124AE171B0099E2AA /* Utils */,
				59B4574124A6046000E68A31 /* Components */,
				59B4573E24A602E900E68A31 /* Views */,
				9FEB82B124A488AE007CFD32 /* QueryModel.swift */,
				9FA11ED8244069A4000B4A6E /* LoginModel.swift */,
				9F158BF02414FD8D008FE785 /* AppDelegate.swift */,
				9F158BF22414FD8D008FE785 /* SceneDelegate.swift */,
				9F158BF42414FD8D008FE785 /* ViewController.swift */,
				9F158BF62414FD8D008FE785 /* Main.storyboard */,
				9F158BF92414FD95008FE785 /* Assets.xcassets */,
				9F158BFB2414FD95008FE785 /* LaunchScreen.storyboard */,
				9F158BFE2414FD95008FE785 /* Info.plist */,
				9FD848EF244CA6A00072E047 /* MainMenuViewController.swift */,
				59B4574E24A64D2900E68A31 /* sampleCourse.json */,
			);
			path = "NTNU Course Crawer";
			sourceTree = "<group>";
		};
		9F158C062414FD95008FE785 /* NTNU Course CrawerTests */ = {
			isa = PBXGroup;
			children = (
				9F158C072414FD95008FE785 /* NTNU_Course_CrawerTests.swift */,
				9F158C092414FD95008FE785 /* Info.plist */,
			);
			path = "NTNU Course CrawerTests";
			sourceTree = "<group>";
		};
		9F158C112414FD95008FE785 /* NTNU Course CrawerUITests */ = {
			isa = PBXGroup;
			children = (
				9F158C122414FD95008FE785 /* NTNU_Course_CrawerUITests.swift */,
				9F158C142414FD95008FE785 /* Info.plist */,
			);
			path = "NTNU Course CrawerUITests";
			sourceTree = "<group>";
		};
		B7C1D36D3D73956DE00CD73A /* Frameworks */ = {
			isa = PBXGroup;
			children = (
				04527414A7ECD521C1E3F9B6 /* Pods_NTNU_Course_Crawer.framework */,
				33DE7D96C4E2AB946DFA1A83 /* Pods_NTNU_Course_Crawer_NTNU_Course_CrawerUITests.framework */,
				13BCB57A8EF29140D2FBA2D6 /* Pods_NTNU_Course_CrawerTests.framework */,
			);
			name = Frameworks;
			sourceTree = "<group>";
		};
/* End PBXGroup section */

/* Begin PBXNativeTarget section */
		9F158BEC2414FD8D008FE785 /* NTNU Course Crawer */ = {
			isa = PBXNativeTarget;
			buildConfigurationList = 9F158C172414FD95008FE785 /* Build configuration list for PBXNativeTarget "NTNU Course Crawer" */;
			buildPhases = (
				62B771D3C0E014FF8F8894A4 /* [CP] Check Pods Manifest.lock */,
				9F158BE92414FD8D008FE785 /* Sources */,
				9F158BEA2414FD8D008FE785 /* Frameworks */,
				9F158BEB2414FD8D008FE785 /* Resources */,
				4790D8C245BE3661305A5438 /* [CP] Embed Pods Frameworks */,
			);
			buildRules = (
			);
			dependencies = (
			);
			name = "NTNU Course Crawer";
			productName = "NTNU Course Crawer";
			productReference = 9F158BED2414FD8D008FE785 /* NTNU Course Crawer.app */;
			productType = "com.apple.product-type.application";
		};
		9F158C022414FD95008FE785 /* NTNU Course CrawerTests */ = {
			isa = PBXNativeTarget;
			buildConfigurationList = 9F158C1A2414FD95008FE785 /* Build configuration list for PBXNativeTarget "NTNU Course CrawerTests" */;
			buildPhases = (
				FF66BDFE3D9E0AA0B88BD392 /* [CP] Check Pods Manifest.lock */,
				9F158BFF2414FD95008FE785 /* Sources */,
				9F158C002414FD95008FE785 /* Frameworks */,
				9F158C012414FD95008FE785 /* Resources */,
			);
			buildRules = (
			);
			dependencies = (
				9F158C052414FD95008FE785 /* PBXTargetDependency */,
			);
			name = "NTNU Course CrawerTests";
			productName = "NTNU Course CrawerTests";
			productReference = 9F158C032414FD95008FE785 /* NTNU Course CrawerTests.xctest */;
			productType = "com.apple.product-type.bundle.unit-test";
		};
		9F158C0D2414FD95008FE785 /* NTNU Course CrawerUITests */ = {
			isa = PBXNativeTarget;
			buildConfigurationList = 9F158C1D2414FD95008FE785 /* Build configuration list for PBXNativeTarget "NTNU Course CrawerUITests" */;
			buildPhases = (
				D89C0F33819FD63CF6926D43 /* [CP] Check Pods Manifest.lock */,
				9F158C0A2414FD95008FE785 /* Sources */,
				9F158C0B2414FD95008FE785 /* Frameworks */,
				9F158C0C2414FD95008FE785 /* Resources */,
				BC411245F13539791B14A9EF /* [CP] Embed Pods Frameworks */,
			);
			buildRules = (
			);
			dependencies = (
				9F158C102414FD95008FE785 /* PBXTargetDependency */,
			);
			name = "NTNU Course CrawerUITests";
			productName = "NTNU Course CrawerUITests";
			productReference = 9F158C0E2414FD95008FE785 /* NTNU Course CrawerUITests.xctest */;
			productType = "com.apple.product-type.bundle.ui-testing";
		};
/* End PBXNativeTarget section */

/* Begin PBXProject section */
		9F158BE52414FD8D008FE785 /* Project object */ = {
			isa = PBXProject;
			attributes = {
				LastSwiftUpdateCheck = 1130;
				LastUpgradeCheck = 1130;
				ORGANIZATIONNAME = "Normal OJ";
				TargetAttributes = {
					9F158BEC2414FD8D008FE785 = {
						CreatedOnToolsVersion = 11.3.1;
					};
					9F158C022414FD95008FE785 = {
						CreatedOnToolsVersion = 11.3.1;
						TestTargetID = 9F158BEC2414FD8D008FE785;
					};
					9F158C0D2414FD95008FE785 = {
						CreatedOnToolsVersion = 11.3.1;
						TestTargetID = 9F158BEC2414FD8D008FE785;
					};
				};
			};
			buildConfigurationList = 9F158BE82414FD8D008FE785 /* Build configuration list for PBXProject "NTNU Course Crawer" */;
			compatibilityVersion = "Xcode 9.3";
			developmentRegion = en;
			hasScannedForEncodings = 0;
			knownRegions = (
				en,
				Base,
			);
			mainGroup = 9F158BE42414FD8D008FE785;
			productRefGroup = 9F158BEE2414FD8D008FE785 /* Products */;
			projectDirPath = "";
			projectRoot = "";
			targets = (
				9F158BEC2414FD8D008FE785 /* NTNU Course Crawer */,
				9F158C022414FD95008FE785 /* NTNU Course CrawerTests */,
				9F158C0D2414FD95008FE785 /* NTNU Course CrawerUITests */,
			);
		};
/* End PBXProject section */

/* Begin PBXResourcesBuildPhase section */
		9F158BEB2414FD8D008FE785 /* Resources */ = {
			isa = PBXResourcesBuildPhase;
			buildActionMask = 2147483647;
			files = (
				9F158BFD2414FD95008FE785 /* LaunchScreen.storyboard in Resources */,
				9F158BFA2414FD95008FE785 /* Assets.xcassets in Resources */,
				9F158BF82414FD8D008FE785 /* Main.storyboard in Resources */,
				59B4574F24A64D2900E68A31 /* sampleCourse.json in Resources */,
				59B4574D24A62ECC00E68A31 /* .gitattribute in Resources */,
			);
			runOnlyForDeploymentPostprocessing = 0;
		};
		9F158C012414FD95008FE785 /* Resources */ = {
			isa = PBXResourcesBuildPhase;
			buildActionMask = 2147483647;
			files = (
			);
			runOnlyForDeploymentPostprocessing = 0;
		};
		9F158C0C2414FD95008FE785 /* Resources */ = {
			isa = PBXResourcesBuildPhase;
			buildActionMask = 2147483647;
			files = (
			);
			runOnlyForDeploymentPostprocessing = 0;
		};
/* End PBXResourcesBuildPhase section */

/* Begin PBXShellScriptBuildPhase section */
		4790D8C245BE3661305A5438 /* [CP] Embed Pods Frameworks */ = {
			isa = PBXShellScriptBuildPhase;
			buildActionMask = 2147483647;
			files = (
			);
			inputFileListPaths = (
				"${PODS_ROOT}/Target Support Files/Pods-NTNU Course Crawer/Pods-NTNU Course Crawer-frameworks-${CONFIGURATION}-input-files.xcfilelist",
			);
			name = "[CP] Embed Pods Frameworks";
			outputFileListPaths = (
				"${PODS_ROOT}/Target Support Files/Pods-NTNU Course Crawer/Pods-NTNU Course Crawer-frameworks-${CONFIGURATION}-output-files.xcfilelist",
			);
			runOnlyForDeploymentPostprocessing = 0;
			shellPath = /bin/sh;
			shellScript = "\"${PODS_ROOT}/Target Support Files/Pods-NTNU Course Crawer/Pods-NTNU Course Crawer-frameworks.sh\"\n";
			showEnvVarsInLog = 0;
		};
		62B771D3C0E014FF8F8894A4 /* [CP] Check Pods Manifest.lock */ = {
			isa = PBXShellScriptBuildPhase;
			buildActionMask = 2147483647;
			files = (
			);
			inputFileListPaths = (
			);
			inputPaths = (
				"${PODS_PODFILE_DIR_PATH}/Podfile.lock",
				"${PODS_ROOT}/Manifest.lock",
			);
			name = "[CP] Check Pods Manifest.lock";
			outputFileListPaths = (
			);
			outputPaths = (
				"$(DERIVED_FILE_DIR)/Pods-NTNU Course Crawer-checkManifestLockResult.txt",
			);
			runOnlyForDeploymentPostprocessing = 0;
			shellPath = /bin/sh;
			shellScript = "diff \"${PODS_PODFILE_DIR_PATH}/Podfile.lock\" \"${PODS_ROOT}/Manifest.lock\" > /dev/null\nif [ $? != 0 ] ; then\n    # print error to STDERR\n    echo \"error: The sandbox is not in sync with the Podfile.lock. Run 'pod install' or update your CocoaPods installation.\" >&2\n    exit 1\nfi\n# This output is used by Xcode 'outputs' to avoid re-running this script phase.\necho \"SUCCESS\" > \"${SCRIPT_OUTPUT_FILE_0}\"\n";
			showEnvVarsInLog = 0;
		};
		BC411245F13539791B14A9EF /* [CP] Embed Pods Frameworks */ = {
			isa = PBXShellScriptBuildPhase;
			buildActionMask = 2147483647;
			files = (
			);
			inputFileListPaths = (
				"${PODS_ROOT}/Target Support Files/Pods-NTNU Course Crawer-NTNU Course CrawerUITests/Pods-NTNU Course Crawer-NTNU Course CrawerUITests-frameworks-${CONFIGURATION}-input-files.xcfilelist",
			);
			name = "[CP] Embed Pods Frameworks";
			outputFileListPaths = (
				"${PODS_ROOT}/Target Support Files/Pods-NTNU Course Crawer-NTNU Course CrawerUITests/Pods-NTNU Course Crawer-NTNU Course CrawerUITests-frameworks-${CONFIGURATION}-output-files.xcfilelist",
			);
			runOnlyForDeploymentPostprocessing = 0;
			shellPath = /bin/sh;
			shellScript = "\"${PODS_ROOT}/Target Support Files/Pods-NTNU Course Crawer-NTNU Course CrawerUITests/Pods-NTNU Course Crawer-NTNU Course CrawerUITests-frameworks.sh\"\n";
			showEnvVarsInLog = 0;
		};
		D89C0F33819FD63CF6926D43 /* [CP] Check Pods Manifest.lock */ = {
			isa = PBXShellScriptBuildPhase;
			buildActionMask = 2147483647;
			files = (
			);
			inputFileListPaths = (
			);
			inputPaths = (
				"${PODS_PODFILE_DIR_PATH}/Podfile.lock",
				"${PODS_ROOT}/Manifest.lock",
			);
			name = "[CP] Check Pods Manifest.lock";
			outputFileListPaths = (
			);
			outputPaths = (
				"$(DERIVED_FILE_DIR)/Pods-NTNU Course Crawer-NTNU Course CrawerUITests-checkManifestLockResult.txt",
			);
			runOnlyForDeploymentPostprocessing = 0;
			shellPath = /bin/sh;
			shellScript = "diff \"${PODS_PODFILE_DIR_PATH}/Podfile.lock\" \"${PODS_ROOT}/Manifest.lock\" > /dev/null\nif [ $? != 0 ] ; then\n    # print error to STDERR\n    echo \"error: The sandbox is not in sync with the Podfile.lock. Run 'pod install' or update your CocoaPods installation.\" >&2\n    exit 1\nfi\n# This output is used by Xcode 'outputs' to avoid re-running this script phase.\necho \"SUCCESS\" > \"${SCRIPT_OUTPUT_FILE_0}\"\n";
			showEnvVarsInLog = 0;
		};
		FF66BDFE3D9E0AA0B88BD392 /* [CP] Check Pods Manifest.lock */ = {
			isa = PBXShellScriptBuildPhase;
			buildActionMask = 2147483647;
			files = (
			);
			inputFileListPaths = (
			);
			inputPaths = (
				"${PODS_PODFILE_DIR_PATH}/Podfile.lock",
				"${PODS_ROOT}/Manifest.lock",
			);
			name = "[CP] Check Pods Manifest.lock";
			outputFileListPaths = (
			);
			outputPaths = (
				"$(DERIVED_FILE_DIR)/Pods-NTNU Course CrawerTests-checkManifestLockResult.txt",
			);
			runOnlyForDeploymentPostprocessing = 0;
			shellPath = /bin/sh;
			shellScript = "diff \"${PODS_PODFILE_DIR_PATH}/Podfile.lock\" \"${PODS_ROOT}/Manifest.lock\" > /dev/null\nif [ $? != 0 ] ; then\n    # print error to STDERR\n    echo \"error: The sandbox is not in sync with the Podfile.lock. Run 'pod install' or update your CocoaPods installation.\" >&2\n    exit 1\nfi\n# This output is used by Xcode 'outputs' to avoid re-running this script phase.\necho \"SUCCESS\" > \"${SCRIPT_OUTPUT_FILE_0}\"\n";
			showEnvVarsInLog = 0;
		};
/* End PBXShellScriptBuildPhase section */

/* Begin PBXSourcesBuildPhase section */
		9F158BE92414FD8D008FE785 /* Sources */ = {
			isa = PBXSourcesBuildPhase;
			buildActionMask = 2147483647;
			files = (
				595CDFB524AF941300499FA6 /* KeyboardAdaptive.swift in Sources */,
				9F158BF52414FD8D008FE785 /* ViewController.swift in Sources */,
				9FD848F0244CA6A00072E047 /* MainMenuViewController.swift in Sources */,
				59B4574A24A6088F00E68A31 /* CourseInfoView.swift in Sources */,
				5958BB0924ADDB3E0099E2AA /* CourseRow.swift in Sources */,
				59B4574424A6048700E68A31 /* NButton.swift in Sources */,
				5904F85324A76CFB00F39AB0 /* SectionSelection.swift in Sources */,
				59B4574624A604D300E68A31 /* NLabelTextField.swift in Sources */,
				9FA11ED9244069A4000B4A6E /* LoginModel.swift in Sources */,
				59B4574024A6038600E68A31 /* QueryCourseView.swift in Sources */,
				9F158BF12414FD8D008FE785 /* AppDelegate.swift in Sources */,
				9FEB82B224A488AE007CFD32 /* QueryModel.swift in Sources */,
				9F158BF32414FD8D008FE785 /* SceneDelegate.swift in Sources */,
				5958BB0724ADDA770099E2AA /* CourseListView.swift in Sources */,
				595CDFB124AF72E700499FA6 /* QueryCourseMotherView.swift in Sources */,
				5958BB0B24ADE17E0099E2AA /* MainView.swift in Sources */,
				5958BB0D24ADE2450099E2AA /* LoginView.swift in Sources */,
				5958BB0F24AE12D90099E2AA /* EntryView.swift in Sources */,
				59B4574824A6087800E68A31 /* NPicker.swift in Sources */,
			);
			runOnlyForDeploymentPostprocessing = 0;
		};
		9F158BFF2414FD95008FE785 /* Sources */ = {
			isa = PBXSourcesBuildPhase;
			buildActionMask = 2147483647;
			files = (
				9F158C082414FD95008FE785 /* NTNU_Course_CrawerTests.swift in Sources */,
			);
			runOnlyForDeploymentPostprocessing = 0;
		};
		9F158C0A2414FD95008FE785 /* Sources */ = {
			isa = PBXSourcesBuildPhase;
			buildActionMask = 2147483647;
			files = (
				9F158C132414FD95008FE785 /* NTNU_Course_CrawerUITests.swift in Sources */,
			);
			runOnlyForDeploymentPostprocessing = 0;
		};
/* End PBXSourcesBuildPhase section */

/* Begin PBXTargetDependency section */
		9F158C052414FD95008FE785 /* PBXTargetDependency */ = {
			isa = PBXTargetDependency;
			target = 9F158BEC2414FD8D008FE785 /* NTNU Course Crawer */;
			targetProxy = 9F158C042414FD95008FE785 /* PBXContainerItemProxy */;
		};
		9F158C102414FD95008FE785 /* PBXTargetDependency */ = {
			isa = PBXTargetDependency;
			target = 9F158BEC2414FD8D008FE785 /* NTNU Course Crawer */;
			targetProxy = 9F158C0F2414FD95008FE785 /* PBXContainerItemProxy */;
		};
/* End PBXTargetDependency section */

/* Begin PBXVariantGroup section */
		9F158BF62414FD8D008FE785 /* Main.storyboard */ = {
			isa = PBXVariantGroup;
			children = (
				9F158BF72414FD8D008FE785 /* Base */,
			);
			name = Main.storyboard;
			sourceTree = "<group>";
		};
		9F158BFB2414FD95008FE785 /* LaunchScreen.storyboard */ = {
			isa = PBXVariantGroup;
			children = (
				9F158BFC2414FD95008FE785 /* Base */,
			);
			name = LaunchScreen.storyboard;
			sourceTree = "<group>";
		};
/* End PBXVariantGroup section */

/* Begin XCBuildConfiguration section */
		9F158C152414FD95008FE785 /* Debug */ = {
			isa = XCBuildConfiguration;
			buildSettings = {
				ALWAYS_SEARCH_USER_PATHS = NO;
				CLANG_ANALYZER_NONNULL = YES;
				CLANG_ANALYZER_NUMBER_OBJECT_CONVERSION = YES_AGGRESSIVE;
				CLANG_CXX_LANGUAGE_STANDARD = "gnu++14";
				CLANG_CXX_LIBRARY = "libc++";
				CLANG_ENABLE_MODULES = YES;
				CLANG_ENABLE_OBJC_ARC = YES;
				CLANG_ENABLE_OBJC_WEAK = YES;
				CLANG_WARN_BLOCK_CAPTURE_AUTORELEASING = YES;
				CLANG_WARN_BOOL_CONVERSION = YES;
				CLANG_WARN_COMMA = YES;
				CLANG_WARN_CONSTANT_CONVERSION = YES;
				CLANG_WARN_DEPRECATED_OBJC_IMPLEMENTATIONS = YES;
				CLANG_WARN_DIRECT_OBJC_ISA_USAGE = YES_ERROR;
				CLANG_WARN_DOCUMENTATION_COMMENTS = YES;
				CLANG_WARN_EMPTY_BODY = YES;
				CLANG_WARN_ENUM_CONVERSION = YES;
				CLANG_WARN_INFINITE_RECURSION = YES;
				CLANG_WARN_INT_CONVERSION = YES;
				CLANG_WARN_NON_LITERAL_NULL_CONVERSION = YES;
				CLANG_WARN_OBJC_IMPLICIT_RETAIN_SELF = YES;
				CLANG_WARN_OBJC_LITERAL_CONVERSION = YES;
				CLANG_WARN_OBJC_ROOT_CLASS = YES_ERROR;
				CLANG_WARN_RANGE_LOOP_ANALYSIS = YES;
				CLANG_WARN_STRICT_PROTOTYPES = YES;
				CLANG_WARN_SUSPICIOUS_MOVE = YES;
				CLANG_WARN_UNGUARDED_AVAILABILITY = YES_AGGRESSIVE;
				CLANG_WARN_UNREACHABLE_CODE = YES;
				CLANG_WARN__DUPLICATE_METHOD_MATCH = YES;
				COPY_PHASE_STRIP = NO;
				DEBUG_INFORMATION_FORMAT = dwarf;
				ENABLE_STRICT_OBJC_MSGSEND = YES;
				ENABLE_TESTABILITY = YES;
				GCC_C_LANGUAGE_STANDARD = gnu11;
				GCC_DYNAMIC_NO_PIC = NO;
				GCC_NO_COMMON_BLOCKS = YES;
				GCC_OPTIMIZATION_LEVEL = 0;
				GCC_PREPROCESSOR_DEFINITIONS = (
					"DEBUG=1",
					"$(inherited)",
				);
				GCC_WARN_64_TO_32_BIT_CONVERSION = YES;
				GCC_WARN_ABOUT_RETURN_TYPE = YES_ERROR;
				GCC_WARN_UNDECLARED_SELECTOR = YES;
				GCC_WARN_UNINITIALIZED_AUTOS = YES_AGGRESSIVE;
				GCC_WARN_UNUSED_FUNCTION = YES;
				GCC_WARN_UNUSED_VARIABLE = YES;
				IPHONEOS_DEPLOYMENT_TARGET = 13.2;
				MTL_ENABLE_DEBUG_INFO = INCLUDE_SOURCE;
				MTL_FAST_MATH = YES;
				ONLY_ACTIVE_ARCH = YES;
				SDKROOT = iphoneos;
				SWIFT_ACTIVE_COMPILATION_CONDITIONS = DEBUG;
				SWIFT_OPTIMIZATION_LEVEL = "-Onone";
			};
			name = Debug;
		};
		9F158C162414FD95008FE785 /* Release */ = {
			isa = XCBuildConfiguration;
			buildSettings = {
				ALWAYS_SEARCH_USER_PATHS = NO;
				CLANG_ANALYZER_NONNULL = YES;
				CLANG_ANALYZER_NUMBER_OBJECT_CONVERSION = YES_AGGRESSIVE;
				CLANG_CXX_LANGUAGE_STANDARD = "gnu++14";
				CLANG_CXX_LIBRARY = "libc++";
				CLANG_ENABLE_MODULES = YES;
				CLANG_ENABLE_OBJC_ARC = YES;
				CLANG_ENABLE_OBJC_WEAK = YES;
				CLANG_WARN_BLOCK_CAPTURE_AUTORELEASING = YES;
				CLANG_WARN_BOOL_CONVERSION = YES;
				CLANG_WARN_COMMA = YES;
				CLANG_WARN_CONSTANT_CONVERSION = YES;
				CLANG_WARN_DEPRECATED_OBJC_IMPLEMENTATIONS = YES;
				CLANG_WARN_DIRECT_OBJC_ISA_USAGE = YES_ERROR;
				CLANG_WARN_DOCUMENTATION_COMMENTS = YES;
				CLANG_WARN_EMPTY_BODY = YES;
				CLANG_WARN_ENUM_CONVERSION = YES;
				CLANG_WARN_INFINITE_RECURSION = YES;
				CLANG_WARN_INT_CONVERSION = YES;
				CLANG_WARN_NON_LITERAL_NULL_CONVERSION = YES;
				CLANG_WARN_OBJC_IMPLICIT_RETAIN_SELF = YES;
				CLANG_WARN_OBJC_LITERAL_CONVERSION = YES;
				CLANG_WARN_OBJC_ROOT_CLASS = YES_ERROR;
				CLANG_WARN_RANGE_LOOP_ANALYSIS = YES;
				CLANG_WARN_STRICT_PROTOTYPES = YES;
				CLANG_WARN_SUSPICIOUS_MOVE = YES;
				CLANG_WARN_UNGUARDED_AVAILABILITY = YES_AGGRESSIVE;
				CLANG_WARN_UNREACHABLE_CODE = YES;
				CLANG_WARN__DUPLICATE_METHOD_MATCH = YES;
				COPY_PHASE_STRIP = NO;
				DEBUG_INFORMATION_FORMAT = "dwarf-with-dsym";
				ENABLE_NS_ASSERTIONS = NO;
				ENABLE_STRICT_OBJC_MSGSEND = YES;
				GCC_C_LANGUAGE_STANDARD = gnu11;
				GCC_NO_COMMON_BLOCKS = YES;
				GCC_WARN_64_TO_32_BIT_CONVERSION = YES;
				GCC_WARN_ABOUT_RETURN_TYPE = YES_ERROR;
				GCC_WARN_UNDECLARED_SELECTOR = YES;
				GCC_WARN_UNINITIALIZED_AUTOS = YES_AGGRESSIVE;
				GCC_WARN_UNUSED_FUNCTION = YES;
				GCC_WARN_UNUSED_VARIABLE = YES;
				IPHONEOS_DEPLOYMENT_TARGET = 13.2;
				MTL_ENABLE_DEBUG_INFO = NO;
				MTL_FAST_MATH = YES;
				SDKROOT = iphoneos;
				SWIFT_COMPILATION_MODE = wholemodule;
				SWIFT_OPTIMIZATION_LEVEL = "-O";
				VALIDATE_PRODUCT = YES;
			};
			name = Release;
		};
		9F158C182414FD95008FE785 /* Debug */ = {
			isa = XCBuildConfiguration;
			baseConfigurationReference = DF614FC31288F759D2947E80 /* Pods-NTNU Course Crawer.debug.xcconfig */;
			buildSettings = {
				ASSETCATALOG_COMPILER_APPICON_NAME = AppIcon;
				CODE_SIGN_STYLE = Automatic;
				INFOPLIST_FILE = "NTNU Course Crawer/Info.plist";
				IPHONEOS_DEPLOYMENT_TARGET = 13.4;
				LD_RUNPATH_SEARCH_PATHS = (
					"$(inherited)",
					"@executable_path/Frameworks",
				);
				PRODUCT_BUNDLE_IDENTIFIER = "noj.NTNU-Course-Crawer";
				PRODUCT_NAME = "$(TARGET_NAME)";
				SWIFT_VERSION = 5.0;
				TARGETED_DEVICE_FAMILY = "1,2";
			};
			name = Debug;
		};
		9F158C192414FD95008FE785 /* Release */ = {
			isa = XCBuildConfiguration;
			baseConfigurationReference = 3BA1318A57F4D09905D3976E /* Pods-NTNU Course Crawer.release.xcconfig */;
			buildSettings = {
				ASSETCATALOG_COMPILER_APPICON_NAME = AppIcon;
				CODE_SIGN_STYLE = Automatic;
				INFOPLIST_FILE = "NTNU Course Crawer/Info.plist";
				IPHONEOS_DEPLOYMENT_TARGET = 13.4;
				LD_RUNPATH_SEARCH_PATHS = (
					"$(inherited)",
					"@executable_path/Frameworks",
				);
				PRODUCT_BUNDLE_IDENTIFIER = "noj.NTNU-Course-Crawer";
				PRODUCT_NAME = "$(TARGET_NAME)";
				SWIFT_VERSION = 5.0;
				TARGETED_DEVICE_FAMILY = "1,2";
			};
			name = Release;
		};
		9F158C1B2414FD95008FE785 /* Debug */ = {
			isa = XCBuildConfiguration;
			baseConfigurationReference = 820DF7B7B91A49F67B4E68FA /* Pods-NTNU Course CrawerTests.debug.xcconfig */;
			buildSettings = {
				ALWAYS_EMBED_SWIFT_STANDARD_LIBRARIES = YES;
				BUNDLE_LOADER = "$(TEST_HOST)";
				CODE_SIGN_STYLE = Automatic;
				INFOPLIST_FILE = "NTNU Course CrawerTests/Info.plist";
				IPHONEOS_DEPLOYMENT_TARGET = 13.2;
				LD_RUNPATH_SEARCH_PATHS = (
					"$(inherited)",
					"@executable_path/Frameworks",
					"@loader_path/Frameworks",
				);
				PRODUCT_BUNDLE_IDENTIFIER = "noj.NTNU-Course-CrawerTests";
				PRODUCT_NAME = "$(TARGET_NAME)";
				SWIFT_VERSION = 5.0;
				TARGETED_DEVICE_FAMILY = "1,2";
				TEST_HOST = "$(BUILT_PRODUCTS_DIR)/NTNU Course Crawer.app/NTNU Course Crawer";
			};
			name = Debug;
		};
		9F158C1C2414FD95008FE785 /* Release */ = {
			isa = XCBuildConfiguration;
			baseConfigurationReference = C084B7A73AE1FD22D8649AF1 /* Pods-NTNU Course CrawerTests.release.xcconfig */;
			buildSettings = {
				ALWAYS_EMBED_SWIFT_STANDARD_LIBRARIES = YES;
				BUNDLE_LOADER = "$(TEST_HOST)";
				CODE_SIGN_STYLE = Automatic;
				INFOPLIST_FILE = "NTNU Course CrawerTests/Info.plist";
				IPHONEOS_DEPLOYMENT_TARGET = 13.2;
				LD_RUNPATH_SEARCH_PATHS = (
					"$(inherited)",
					"@executable_path/Frameworks",
					"@loader_path/Frameworks",
				);
				PRODUCT_BUNDLE_IDENTIFIER = "noj.NTNU-Course-CrawerTests";
				PRODUCT_NAME = "$(TARGET_NAME)";
				SWIFT_VERSION = 5.0;
				TARGETED_DEVICE_FAMILY = "1,2";
				TEST_HOST = "$(BUILT_PRODUCTS_DIR)/NTNU Course Crawer.app/NTNU Course Crawer";
			};
			name = Release;
		};
		9F158C1E2414FD95008FE785 /* Debug */ = {
			isa = XCBuildConfiguration;
			baseConfigurationReference = 813577050871834327714403 /* Pods-NTNU Course Crawer-NTNU Course CrawerUITests.debug.xcconfig */;
			buildSettings = {
				ALWAYS_EMBED_SWIFT_STANDARD_LIBRARIES = YES;
				CODE_SIGN_STYLE = Automatic;
				INFOPLIST_FILE = "NTNU Course CrawerUITests/Info.plist";
				LD_RUNPATH_SEARCH_PATHS = (
					"$(inherited)",
					"@executable_path/Frameworks",
					"@loader_path/Frameworks",
				);
				PRODUCT_BUNDLE_IDENTIFIER = "noj.NTNU-Course-CrawerUITests";
				PRODUCT_NAME = "$(TARGET_NAME)";
				SWIFT_VERSION = 5.0;
				TARGETED_DEVICE_FAMILY = "1,2";
				TEST_TARGET_NAME = "NTNU Course Crawer";
			};
			name = Debug;
		};
		9F158C1F2414FD95008FE785 /* Release */ = {
			isa = XCBuildConfiguration;
			baseConfigurationReference = 954C35BF499513CF1136F69F /* Pods-NTNU Course Crawer-NTNU Course CrawerUITests.release.xcconfig */;
			buildSettings = {
				ALWAYS_EMBED_SWIFT_STANDARD_LIBRARIES = YES;
				CODE_SIGN_STYLE = Automatic;
				INFOPLIST_FILE = "NTNU Course CrawerUITests/Info.plist";
				LD_RUNPATH_SEARCH_PATHS = (
					"$(inherited)",
					"@executable_path/Frameworks",
					"@loader_path/Frameworks",
				);
				PRODUCT_BUNDLE_IDENTIFIER = "noj.NTNU-Course-CrawerUITests";
				PRODUCT_NAME = "$(TARGET_NAME)";
				SWIFT_VERSION = 5.0;
				TARGETED_DEVICE_FAMILY = "1,2";
				TEST_TARGET_NAME = "NTNU Course Crawer";
			};
			name = Release;
		};
/* End XCBuildConfiguration section */

/* Begin XCConfigurationList section */
		9F158BE82414FD8D008FE785 /* Build configuration list for PBXProject "NTNU Course Crawer" */ = {
			isa = XCConfigurationList;
			buildConfigurations = (
				9F158C152414FD95008FE785 /* Debug */,
				9F158C162414FD95008FE785 /* Release */,
			);
			defaultConfigurationIsVisible = 0;
			defaultConfigurationName = Release;
		};
		9F158C172414FD95008FE785 /* Build configuration list for PBXNativeTarget "NTNU Course Crawer" */ = {
			isa = XCConfigurationList;
			buildConfigurations = (
				9F158C182414FD95008FE785 /* Debug */,
				9F158C192414FD95008FE785 /* Release */,
			);
			defaultConfigurationIsVisible = 0;
			defaultConfigurationName = Release;
		};
		9F158C1A2414FD95008FE785 /* Build configuration list for PBXNativeTarget "NTNU Course CrawerTests" */ = {
			isa = XCConfigurationList;
			buildConfigurations = (
				9F158C1B2414FD95008FE785 /* Debug */,
				9F158C1C2414FD95008FE785 /* Release */,
			);
			defaultConfigurationIsVisible = 0;
			defaultConfigurationName = Release;
		};
		9F158C1D2414FD95008FE785 /* Build configuration list for PBXNativeTarget "NTNU Course CrawerUITests" */ = {
			isa = XCConfigurationList;
			buildConfigurations = (
				9F158C1E2414FD95008FE785 /* Debug */,
				9F158C1F2414FD95008FE785 /* Release */,
			);
			defaultConfigurationIsVisible = 0;
			defaultConfigurationName = Release;
		};
/* End XCConfigurationList section */
	};
	rootObject = 9F158BE52414FD8D008FE785 /* Project object */;
}
