// !$*UTF8*$!
{
	archiveVersion = 1;
	classes = {
	};
	objectVersion = 50;
	objects = {

/* Begin PBXBuildFile section */
		9F158BF12414FD8D008FE785 /* AppDelegate.swift in Sources */ = {isa = PBXBuildFile; fileRef = 9F158BF02414FD8D008FE785 /* AppDelegate.swift */; };
		9F158BF32414FD8D008FE785 /* SceneDelegate.swift in Sources */ = {isa = PBXBuildFile; fileRef = 9F158BF22414FD8D008FE785 /* SceneDelegate.swift */; };
		9F158BF52414FD8D008FE785 /* ViewController.swift in Sources */ = {isa = PBXBuildFile; fileRef = 9F158BF42414FD8D008FE785 /* ViewController.swift */; };
		9F158BF82414FD8D008FE785 /* Main.storyboard in Resources */ = {isa = PBXBuildFile; fileRef = 9F158BF62414FD8D008FE785 /* Main.storyboard */; };
		9F158BFA2414FD95008FE785 /* Assets.xcassets in Resources */ = {isa = PBXBuildFile; fileRef = 9F158BF92414FD95008FE785 /* Assets.xcassets */; };
		9F158BFD2414FD95008FE785 /* LaunchScreen.storyboard in Resources */ = {isa = PBXBuildFile; fileRef = 9F158BFB2414FD95008FE785 /* LaunchScreen.storyboard */; };
		9F158C082414FD95008FE785 /* NTNU_Course_CrawerTests.swift in Sources */ = {isa = PBXBuildFile; fileRef = 9F158C072414FD95008FE785 /* NTNU_Course_CrawerTests.swift */; };
		9F158C132414FD95008FE785 /* NTNU_Course_CrawerUITests.swift in Sources */ = {isa = PBXBuildFile; fileRef = 9F158C122414FD95008FE785 /* NTNU_Course_CrawerUITests.swift */; };
/* End PBXBuildFile section */

/* Begin PBXContainerItemProxy section */
		9F158C042414FD95008FE785 /* PBXContainerItemProxy */ = {
			isa = PBXContainerItemProxy;
			containerPortal = 9F158BE52414FD8D008FE785 /* Project object */;
			proxyType = 1;
			remoteGlobalIDString = 9F158BEC2414FD8D008FE785;
			remoteInfo = "NTNU Course Crawer";
		};
		9F158C0F2414FD95008FE785 /* PBXContainerItemProxy */ = {
			isa = PBXContainerItemProxy;
			containerPortal = 9F158BE52414FD8D008FE785 /* Project object */;
			proxyType = 1;
			remoteGlobalIDString = 9F158BEC2414FD8D008FE785;
			remoteInfo = "NTNU Course Crawer";
		};
/* End PBXContainerItemProxy section */

/* Begin PBXFileReference section */
		9F158BED2414FD8D008FE785 /* NTNU Course Crawer.app */ = {isa = PBXFileReference; explicitFileType = wrapper.application; includeInIndex = 0; path = "NTNU Course Crawer.app"; sourceTree = BUILT_PRODUCTS_DIR; };
		9F158BF02414FD8D008FE785 /* AppDelegate.swift */ = {isa = PBXFileReference; lastKnownFileType = sourcecode.swift; path = AppDelegate.swift; sourceTree = "<group>"; };
		9F158BF22414FD8D008FE785 /* SceneDelegate.swift */ = {isa = PBXFileReference; lastKnownFileType = sourcecode.swift; path = SceneDelegate.swift; sourceTree = "<group>"; };
		9F158BF42414FD8D008FE785 /* ViewController.swift */ = {isa = PBXFileReference; lastKnownFileType = sourcecode.swift; path = ViewController.swift; sourceTree = "<group>"; };
		9F158BF72414FD8D008FE785 /* Base */ = {isa = PBXFileReference; lastKnownFileType = file.storyboard; name = Base; path = Base.lproj/Main.storyboard; sourceTree = "<group>"; };
		9F158BF92414FD95008FE785 /* Assets.xcassets */ = {isa = PBXFileReference; lastKnownFileType = folder.assetcatalog; path = Assets.xcassets; sourceTree = "<group>"; };
		9F158BFC2414FD95008FE785 /* Base */ = {isa = PBXFileReference; lastKnownFileType = file.storyboard; name = Base; path = Base.lproj/LaunchScreen.storyboard; sourceTree = "<group>"; };
		9F158BFE2414FD95008FE785 /* Info.plist */ = {isa = PBXFileReference; lastKnownFileType = text.plist.xml; path = Info.plist; sourceTree = "<group>"; };
		9F158C032414FD95008FE785 /* NTNU Course CrawerTests.xctest */ = {isa = PBXFileReference; explicitFileType = wrapper.cfbundle; includeInIndex = 0; path = "NTNU Course CrawerTests.xctest"; sourceTree = BUILT_PRODUCTS_DIR; };
		9F158C072414FD95008FE785 /* NTNU_Course_CrawerTests.swift */ = {isa = PBXFileReference; lastKnownFileType = sourcecode.swift; path = NTNU_Course_CrawerTests.swift; sourceTree = "<group>"; };
		9F158C092414FD95008FE785 /* Info.plist */ = {isa = PBXFileReference; lastKnownFileType = text.plist.xml; path = Info.plist; sourceTree = "<group>"; };
		9F158C0E2414FD95008FE785 /* NTNU Course CrawerUITests.xctest */ = {isa = PBXFileReference; explicitFileType = wrapper.cfbundle; includeInIndex = 0; path = "NTNU Course CrawerUITests.xctest"; sourceTree = BUILT_PRODUCTS_DIR; };
		9F158C122414FD95008FE785 /* NTNU_Course_CrawerUITests.swift */ = {isa = PBXFileReference; lastKnownFileType = sourcecode.swift; path = NTNU_Course_CrawerUITests.swift; sourceTree = "<group>"; };
		9F158C142414FD95008FE785 /* Info.plist */ = {isa = PBXFileReference; lastKnownFileType = text.plist.xml; path = Info.plist; sourceTree = "<group>"; };
/* End PBXFileReference section */

/* Begin PBXFrameworksBuildPhase section */
		9F158BEA2414FD8D008FE785 /* Frameworks */ = {
			isa = PBXFrameworksBuildPhase;
			buildActionMask = 2147483647;
			files = (
			);
			runOnlyForDeploymentPostprocessing = 0;
		};
		9F158C002414FD95008FE785 /* Frameworks */ = {
			isa = PBXFrameworksBuildPhase;
			buildActionMask = 2147483647;
			files = (
			);
			runOnlyForDeploymentPostprocessing = 0;
		};
		9F158C0B2414FD95008FE785 /* Frameworks */ = {
			isa = PBXFrameworksBuildPhase;
			buildActionMask = 2147483647;
			files = (
			);
			runOnlyForDeploymentPostprocessing = 0;
		};
/* End PBXFrameworksBuildPhase section */

/* Begin PBXGroup section */
		9F158BE42414FD8D008FE785 = {
			isa = PBXGroup;
			children = (
				9F158BEF2414FD8D008FE785 /* NTNU Course Crawer */,
				9F158C062414FD95008FE785 /* NTNU Course CrawerTests */,
				9F158C112414FD95008FE785 /* NTNU Course CrawerUITests */,
				9F158BEE2414FD8D008FE785 /* Products */,
			);
			sourceTree = "<group>";
		};
		9F158BEE2414FD8D008FE785 /* Products */ = {
			isa = PBXGroup;
			children = (
				9F158BED2414FD8D008FE785 /* NTNU Course Crawer.app */,
				9F158C032414FD95008FE785 /* NTNU Course CrawerTests.xctest */,
				9F158C0E2414FD95008FE785 /* NTNU Course CrawerUITests.xctest */,
			);
			name = Products;
			sourceTree = "<group>";
		};
		9F158BEF2414FD8D008FE785 /* NTNU Course Crawer */ = {
			isa = PBXGroup;
			children = (
				9F158BF02414FD8D008FE785 /* AppDelegate.swift */,
				9F158BF22414FD8D008FE785 /* SceneDelegate.swift */,
				9F158BF42414FD8D008FE785 /* ViewController.swift */,
				9F158BF62414FD8D008FE785 /* Main.storyboard */,
				9F158BF92414FD95008FE785 /* Assets.xcassets */,
				9F158BFB2414FD95008FE785 /* LaunchScreen.storyboard */,
				9F158BFE2414FD95008FE785 /* Info.plist */,
			);
			path = "NTNU Course Crawer";
			sourceTree = "<group>";
		};
		9F158C062414FD95008FE785 /* NTNU Course CrawerTests */ = {
			isa = PBXGroup;
			children = (
				9F158C072414FD95008FE785 /* NTNU_Course_CrawerTests.swift */,
				9F158C092414FD95008FE785 /* Info.plist */,
			);
			path = "NTNU Course CrawerTests";
			sourceTree = "<group>";
		};
		9F158C112414FD95008FE785 /* NTNU Course CrawerUITests */ = {
			isa = PBXGroup;
			children = (
				9F158C122414FD95008FE785 /* NTNU_Course_CrawerUITests.swift */,
				9F158C142414FD95008FE785 /* Info.plist */,
			);
			path = "NTNU Course CrawerUITests";
			sourceTree = "<group>";
		};
/* End PBXGroup section */

/* Begin PBXNativeTarget section */
		9F158BEC2414FD8D008FE785 /* NTNU Course Crawer */ = {
			isa = PBXNativeTarget;
			buildConfigurationList = 9F158C172414FD95008FE785 /* Build configuration list for PBXNativeTarget "NTNU Course Crawer" */;
			buildPhases = (
				9F158BE92414FD8D008FE785 /* Sources */,
				9F158BEA2414FD8D008FE785 /* Frameworks */,
				9F158BEB2414FD8D008FE785 /* Resources */,
			);
			buildRules = (
			);
			dependencies = (
			);
			name = "NTNU Course Crawer";
			productName = "NTNU Course Crawer";
			productReference = 9F158BED2414FD8D008FE785 /* NTNU Course Crawer.app */;
			productType = "com.apple.product-type.application";
		};
		9F158C022414FD95008FE785 /* NTNU Course CrawerTests */ = {
			isa = PBXNativeTarget;
			buildConfigurationList = 9F158C1A2414FD95008FE785 /* Build configuration list for PBXNativeTarget "NTNU Course CrawerTests" */;
			buildPhases = (
				9F158BFF2414FD95008FE785 /* Sources */,
				9F158C002414FD95008FE785 /* Frameworks */,
				9F158C012414FD95008FE785 /* Resources */,
			);
			buildRules = (
			);
			dependencies = (
				9F158C052414FD95008FE785 /* PBXTargetDependency */,
			);
			name = "NTNU Course CrawerTests";
			productName = "NTNU Course CrawerTests";
			productReference = 9F158C032414FD95008FE785 /* NTNU Course CrawerTests.xctest */;
			productType = "com.apple.product-type.bundle.unit-test";
		};
		9F158C0D2414FD95008FE785 /* NTNU Course CrawerUITests */ = {
			isa = PBXNativeTarget;
			buildConfigurationList = 9F158C1D2414FD95008FE785 /* Build configuration list for PBXNativeTarget "NTNU Course CrawerUITests" */;
			buildPhases = (
				9F158C0A2414FD95008FE785 /* Sources */,
				9F158C0B2414FD95008FE785 /* Frameworks */,
				9F158C0C2414FD95008FE785 /* Resources */,
			);
			buildRules = (
			);
			dependencies = (
				9F158C102414FD95008FE785 /* PBXTargetDependency */,
			);
			name = "NTNU Course CrawerUITests";
			productName = "NTNU Course CrawerUITests";
			productReference = 9F158C0E2414FD95008FE785 /* NTNU Course CrawerUITests.xctest */;
			productType = "com.apple.product-type.bundle.ui-testing";
		};
/* End PBXNativeTarget section */

/* Begin PBXProject section */
		9F158BE52414FD8D008FE785 /* Project object */ = {
			isa = PBXProject;
			attributes = {
				LastSwiftUpdateCheck = 1130;
				LastUpgradeCheck = 1130;
				ORGANIZATIONNAME = "Normal OJ";
				TargetAttributes = {
					9F158BEC2414FD8D008FE785 = {
						CreatedOnToolsVersion = 11.3.1;
					};
					9F158C022414FD95008FE785 = {
						CreatedOnToolsVersion = 11.3.1;
						TestTargetID = 9F158BEC2414FD8D008FE785;
					};
					9F158C0D2414FD95008FE785 = {
						CreatedOnToolsVersion = 11.3.1;
						TestTargetID = 9F158BEC2414FD8D008FE785;
					};
				};
			};
			buildConfigurationList = 9F158BE82414FD8D008FE785 /* Build configuration list for PBXProject "NTNU Course Crawer" */;
			compatibilityVersion = "Xcode 9.3";
			developmentRegion = en;
			hasScannedForEncodings = 0;
			knownRegions = (
				en,
				Base,
			);
			mainGroup = 9F158BE42414FD8D008FE785;
			productRefGroup = 9F158BEE2414FD8D008FE785 /* Products */;
			projectDirPath = "";
			projectRoot = "";
			targets = (
				9F158BEC2414FD8D008FE785 /* NTNU Course Crawer */,
				9F158C022414FD95008FE785 /* NTNU Course CrawerTests */,
				9F158C0D2414FD95008FE785 /* NTNU Course CrawerUITests */,
			);
		};
/* End PBXProject section */

/* Begin PBXResourcesBuildPhase section */
		9F158BEB2414FD8D008FE785 /* Resources */ = {
			isa = PBXResourcesBuildPhase;
			buildActionMask = 2147483647;
			files = (
				9F158BFD2414FD95008FE785 /* LaunchScreen.storyboard in Resources */,
				9F158BFA2414FD95008FE785 /* Assets.xcassets in Resources */,
				9F158BF82414FD8D008FE785 /* Main.storyboard in Resources */,
			);
			runOnlyForDeploymentPostprocessing = 0;
		};
		9F158C012414FD95008FE785 /* Resources */ = {
			isa = PBXResourcesBuildPhase;
			buildActionMask = 2147483647;
			files = (
			);
			runOnlyForDeploymentPostprocessing = 0;
		};
		9F158C0C2414FD95008FE785 /* Resources */ = {
			isa = PBXResourcesBuildPhase;
			buildActionMask = 2147483647;
			files = (
			);
			runOnlyForDeploymentPostprocessing = 0;
		};
/* End PBXResourcesBuildPhase section */

/* Begin PBXSourcesBuildPhase section */
		9F158BE92414FD8D008FE785 /* Sources */ = {
			isa = PBXSourcesBuildPhase;
			buildActionMask = 2147483647;
			files = (
				9F158BF52414FD8D008FE785 /* ViewController.swift in Sources */,
				9F158BF12414FD8D008FE785 /* AppDelegate.swift in Sources */,
				9F158BF32414FD8D008FE785 /* SceneDelegate.swift in Sources */,
			);
			runOnlyForDeploymentPostprocessing = 0;
		};
		9F158BFF2414FD95008FE785 /* Sources */ = {
			isa = PBXSourcesBuildPhase;
			buildActionMask = 2147483647;
			files = (
				9F158C082414FD95008FE785 /* NTNU_Course_CrawerTests.swift in Sources */,
			);
			runOnlyForDeploymentPostprocessing = 0;
		};
		9F158C0A2414FD95008FE785 /* Sources */ = {
			isa = PBXSourcesBuildPhase;
			buildActionMask = 2147483647;
			files = (
				9F158C132414FD95008FE785 /* NTNU_Course_CrawerUITests.swift in Sources */,
			);
			runOnlyForDeploymentPostprocessing = 0;
		};
/* End PBXSourcesBuildPhase section */

/* Begin PBXTargetDependency section */
		9F158C052414FD95008FE785 /* PBXTargetDependency */ = {
			isa = PBXTargetDependency;
			target = 9F158BEC2414FD8D008FE785 /* NTNU Course Crawer */;
			targetProxy = 9F158C042414FD95008FE785 /* PBXContainerItemProxy */;
		};
		9F158C102414FD95008FE785 /* PBXTargetDependency */ = {
			isa = PBXTargetDependency;
			target = 9F158BEC2414FD8D008FE785 /* NTNU Course Crawer */;
			targetProxy = 9F158C0F2414FD95008FE785 /* PBXContainerItemProxy */;
		};
/* End PBXTargetDependency section */

/* Begin PBXVariantGroup section */
		9F158BF62414FD8D008FE785 /* Main.storyboard */ = {
			isa = PBXVariantGroup;
			children = (
				9F158BF72414FD8D008FE785 /* Base */,
			);
			name = Main.storyboard;
			sourceTree = "<group>";
		};
		9F158BFB2414FD95008FE785 /* LaunchScreen.storyboard */ = {
			isa = PBXVariantGroup;
			children = (
				9F158BFC2414FD95008FE785 /* Base */,
			);
			name = LaunchScreen.storyboard;
			sourceTree = "<group>";
		};
/* End PBXVariantGroup section */

/* Begin XCBuildConfiguration section */
		9F158C152414FD95008FE785 /* Debug */ = {
			isa = XCBuildConfiguration;
			buildSettings = {
				ALWAYS_SEARCH_USER_PATHS = NO;
				CLANG_ANALYZER_NONNULL = YES;
				CLANG_ANALYZER_NUMBER_OBJECT_CONVERSION = YES_AGGRESSIVE;
				CLANG_CXX_LANGUAGE_STANDARD = "gnu++14";
				CLANG_CXX_LIBRARY = "libc++";
				CLANG_ENABLE_MODULES = YES;
				CLANG_ENABLE_OBJC_ARC = YES;
				CLANG_ENABLE_OBJC_WEAK = YES;
				CLANG_WARN_BLOCK_CAPTURE_AUTORELEASING = YES;
				CLANG_WARN_BOOL_CONVERSION = YES;
				CLANG_WARN_COMMA = YES;
				CLANG_WARN_CONSTANT_CONVERSION = YES;
				CLANG_WARN_DEPRECATED_OBJC_IMPLEMENTATIONS = YES;
				CLANG_WARN_DIRECT_OBJC_ISA_USAGE = YES_ERROR;
				CLANG_WARN_DOCUMENTATION_COMMENTS = YES;
				CLANG_WARN_EMPTY_BODY = YES;
				CLANG_WARN_ENUM_CONVERSION = YES;
				CLANG_WARN_INFINITE_RECURSION = YES;
				CLANG_WARN_INT_CONVERSION = YES;
				CLANG_WARN_NON_LITERAL_NULL_CONVERSION = YES;
				CLANG_WARN_OBJC_IMPLICIT_RETAIN_SELF = YES;
				CLANG_WARN_OBJC_LITERAL_CONVERSION = YES;
				CLANG_WARN_OBJC_ROOT_CLASS = YES_ERROR;
				CLANG_WARN_RANGE_LOOP_ANALYSIS = YES;
				CLANG_WARN_STRICT_PROTOTYPES = YES;
				CLANG_WARN_SUSPICIOUS_MOVE = YES;
				CLANG_WARN_UNGUARDED_AVAILABILITY = YES_AGGRESSIVE;
				CLANG_WARN_UNREACHABLE_CODE = YES;
				CLANG_WARN__DUPLICATE_METHOD_MATCH = YES;
				COPY_PHASE_STRIP = NO;
				DEBUG_INFORMATION_FORMAT = dwarf;
				ENABLE_STRICT_OBJC_MSGSEND = YES;
				ENABLE_TESTABILITY = YES;
				GCC_C_LANGUAGE_STANDARD = gnu11;
				GCC_DYNAMIC_NO_PIC = NO;
				GCC_NO_COMMON_BLOCKS = YES;
				GCC_OPTIMIZATION_LEVEL = 0;
				GCC_PREPROCESSOR_DEFINITIONS = (
					"DEBUG=1",
					"$(inherited)",
				);
				GCC_WARN_64_TO_32_BIT_CONVERSION = YES;
				GCC_WARN_ABOUT_RETURN_TYPE = YES_ERROR;
				GCC_WARN_UNDECLARED_SELECTOR = YES;
				GCC_WARN_UNINITIALIZED_AUTOS = YES_AGGRESSIVE;
				GCC_WARN_UNUSED_FUNCTION = YES;
				GCC_WARN_UNUSED_VARIABLE = YES;
				IPHONEOS_DEPLOYMENT_TARGET = 13.2;
				MTL_ENABLE_DEBUG_INFO = INCLUDE_SOURCE;
				MTL_FAST_MATH = YES;
				ONLY_ACTIVE_ARCH = YES;
				SDKROOT = iphoneos;
				SWIFT_ACTIVE_COMPILATION_CONDITIONS = DEBUG;
				SWIFT_OPTIMIZATION_LEVEL = "-Onone";
			};
			name = Debug;
		};
		9F158C162414FD95008FE785 /* Release */ = {
			isa = XCBuildConfiguration;
			buildSettings = {
				ALWAYS_SEARCH_USER_PATHS = NO;
				CLANG_ANALYZER_NONNULL = YES;
				CLANG_ANALYZER_NUMBER_OBJECT_CONVERSION = YES_AGGRESSIVE;
				CLANG_CXX_LANGUAGE_STANDARD = "gnu++14";
				CLANG_CXX_LIBRARY = "libc++";
				CLANG_ENABLE_MODULES = YES;
				CLANG_ENABLE_OBJC_ARC = YES;
				CLANG_ENABLE_OBJC_WEAK = YES;
				CLANG_WARN_BLOCK_CAPTURE_AUTORELEASING = YES;
				CLANG_WARN_BOOL_CONVERSION = YES;
				CLANG_WARN_COMMA = YES;
				CLANG_WARN_CONSTANT_CONVERSION = YES;
				CLANG_WARN_DEPRECATED_OBJC_IMPLEMENTATIONS = YES;
				CLANG_WARN_DIRECT_OBJC_ISA_USAGE = YES_ERROR;
				CLANG_WARN_DOCUMENTATION_COMMENTS = YES;
				CLANG_WARN_EMPTY_BODY = YES;
				CLANG_WARN_ENUM_CONVERSION = YES;
				CLANG_WARN_INFINITE_RECURSION = YES;
				CLANG_WARN_INT_CONVERSION = YES;
				CLANG_WARN_NON_LITERAL_NULL_CONVERSION = YES;
				CLANG_WARN_OBJC_IMPLICIT_RETAIN_SELF = YES;
				CLANG_WARN_OBJC_LITERAL_CONVERSION = YES;
				CLANG_WARN_OBJC_ROOT_CLASS = YES_ERROR;
				CLANG_WARN_RANGE_LOOP_ANALYSIS = YES;
				CLANG_WARN_STRICT_PROTOTYPES = YES;
				CLANG_WARN_SUSPICIOUS_MOVE = YES;
				CLANG_WARN_UNGUARDED_AVAILABILITY = YES_AGGRESSIVE;
				CLANG_WARN_UNREACHABLE_CODE = YES;
				CLANG_WARN__DUPLICATE_METHOD_MATCH = YES;
				COPY_PHASE_STRIP = NO;
				DEBUG_INFORMATION_FORMAT = "dwarf-with-dsym";
				ENABLE_NS_ASSERTIONS = NO;
				ENABLE_STRICT_OBJC_MSGSEND = YES;
				GCC_C_LANGUAGE_STANDARD = gnu11;
				GCC_NO_COMMON_BLOCKS = YES;
				GCC_WARN_64_TO_32_BIT_CONVERSION = YES;
				GCC_WARN_ABOUT_RETURN_TYPE = YES_ERROR;
				GCC_WARN_UNDECLARED_SELECTOR = YES;
				GCC_WARN_UNINITIALIZED_AUTOS = YES_AGGRESSIVE;
				GCC_WARN_UNUSED_FUNCTION = YES;
				GCC_WARN_UNUSED_VARIABLE = YES;
				IPHONEOS_DEPLOYMENT_TARGET = 13.2;
				MTL_ENABLE_DEBUG_INFO = NO;
				MTL_FAST_MATH = YES;
				SDKROOT = iphoneos;
				SWIFT_COMPILATION_MODE = wholemodule;
				SWIFT_OPTIMIZATION_LEVEL = "-O";
				VALIDATE_PRODUCT = YES;
			};
			name = Release;
		};
		9F158C182414FD95008FE785 /* Debug */ = {
			isa = XCBuildConfiguration;
			buildSettings = {
				ASSETCATALOG_COMPILER_APPICON_NAME = AppIcon;
				CODE_SIGN_STYLE = Automatic;
				INFOPLIST_FILE = "NTNU Course Crawer/Info.plist";
				LD_RUNPATH_SEARCH_PATHS = (
					"$(inherited)",
					"@executable_path/Frameworks",
				);
				PRODUCT_BUNDLE_IDENTIFIER = "noj.NTNU-Course-Crawer";
				PRODUCT_NAME = "$(TARGET_NAME)";
				SWIFT_VERSION = 5.0;
				TARGETED_DEVICE_FAMILY = "1,2";
			};
			name = Debug;
		};
		9F158C192414FD95008FE785 /* Release */ = {
			isa = XCBuildConfiguration;
			buildSettings = {
				ASSETCATALOG_COMPILER_APPICON_NAME = AppIcon;
				CODE_SIGN_STYLE = Automatic;
				INFOPLIST_FILE = "NTNU Course Crawer/Info.plist";
				LD_RUNPATH_SEARCH_PATHS = (
					"$(inherited)",
					"@executable_path/Frameworks",
				);
				PRODUCT_BUNDLE_IDENTIFIER = "noj.NTNU-Course-Crawer";
				PRODUCT_NAME = "$(TARGET_NAME)";
				SWIFT_VERSION = 5.0;
				TARGETED_DEVICE_FAMILY = "1,2";
			};
			name = Release;
		};
		9F158C1B2414FD95008FE785 /* Debug */ = {
			isa = XCBuildConfiguration;
			buildSettings = {
				ALWAYS_EMBED_SWIFT_STANDARD_LIBRARIES = YES;
				BUNDLE_LOADER = "$(TEST_HOST)";
				CODE_SIGN_STYLE = Automatic;
				INFOPLIST_FILE = "NTNU Course CrawerTests/Info.plist";
				IPHONEOS_DEPLOYMENT_TARGET = 13.2;
				LD_RUNPATH_SEARCH_PATHS = (
					"$(inherited)",
					"@executable_path/Frameworks",
					"@loader_path/Frameworks",
				);
				PRODUCT_BUNDLE_IDENTIFIER = "noj.NTNU-Course-CrawerTests";
				PRODUCT_NAME = "$(TARGET_NAME)";
				SWIFT_VERSION = 5.0;
				TARGETED_DEVICE_FAMILY = "1,2";
				TEST_HOST = "$(BUILT_PRODUCTS_DIR)/NTNU Course Crawer.app/NTNU Course Crawer";
			};
			name = Debug;
		};
		9F158C1C2414FD95008FE785 /* Release */ = {
			isa = XCBuildConfiguration;
			buildSettings = {
				ALWAYS_EMBED_SWIFT_STANDARD_LIBRARIES = YES;
				BUNDLE_LOADER = "$(TEST_HOST)";
				CODE_SIGN_STYLE = Automatic;
				INFOPLIST_FILE = "NTNU Course CrawerTests/Info.plist";
				IPHONEOS_DEPLOYMENT_TARGET = 13.2;
				LD_RUNPATH_SEARCH_PATHS = (
					"$(inherited)",
					"@executable_path/Frameworks",
					"@loader_path/Frameworks",
				);
				PRODUCT_BUNDLE_IDENTIFIER = "noj.NTNU-Course-CrawerTests";
				PRODUCT_NAME = "$(TARGET_NAME)";
				SWIFT_VERSION = 5.0;
				TARGETED_DEVICE_FAMILY = "1,2";
				TEST_HOST = "$(BUILT_PRODUCTS_DIR)/NTNU Course Crawer.app/NTNU Course Crawer";
			};
			name = Release;
		};
		9F158C1E2414FD95008FE785 /* Debug */ = {
			isa = XCBuildConfiguration;
			buildSettings = {
				ALWAYS_EMBED_SWIFT_STANDARD_LIBRARIES = YES;
				CODE_SIGN_STYLE = Automatic;
				INFOPLIST_FILE = "NTNU Course CrawerUITests/Info.plist";
				LD_RUNPATH_SEARCH_PATHS = (
					"$(inherited)",
					"@executable_path/Frameworks",
					"@loader_path/Frameworks",
				);
				PRODUCT_BUNDLE_IDENTIFIER = "noj.NTNU-Course-CrawerUITests";
				PRODUCT_NAME = "$(TARGET_NAME)";
				SWIFT_VERSION = 5.0;
				TARGETED_DEVICE_FAMILY = "1,2";
				TEST_TARGET_NAME = "NTNU Course Crawer";
			};
			name = Debug;
		};
		9F158C1F2414FD95008FE785 /* Release */ = {
			isa = XCBuildConfiguration;
			buildSettings = {
				ALWAYS_EMBED_SWIFT_STANDARD_LIBRARIES = YES;
				CODE_SIGN_STYLE = Automatic;
				INFOPLIST_FILE = "NTNU Course CrawerUITests/Info.plist";
				LD_RUNPATH_SEARCH_PATHS = (
					"$(inherited)",
					"@executable_path/Frameworks",
					"@loader_path/Frameworks",
				);
				PRODUCT_BUNDLE_IDENTIFIER = "noj.NTNU-Course-CrawerUITests";
				PRODUCT_NAME = "$(TARGET_NAME)";
				SWIFT_VERSION = 5.0;
				TARGETED_DEVICE_FAMILY = "1,2";
				TEST_TARGET_NAME = "NTNU Course Crawer";
			};
			name = Release;
		};
/* End XCBuildConfiguration section */

/* Begin XCConfigurationList section */
		9F158BE82414FD8D008FE785 /* Build configuration list for PBXProject "NTNU Course Crawer" */ = {
			isa = XCConfigurationList;
			buildConfigurations = (
				9F158C152414FD95008FE785 /* Debug */,
				9F158C162414FD95008FE785 /* Release */,
			);
			defaultConfigurationIsVisible = 0;
			defaultConfigurationName = Release;
		};
		9F158C172414FD95008FE785 /* Build configuration list for PBXNativeTarget "NTNU Course Crawer" */ = {
			isa = XCConfigurationList;
			buildConfigurations = (
				9F158C182414FD95008FE785 /* Debug */,
				9F158C192414FD95008FE785 /* Release */,
			);
			defaultConfigurationIsVisible = 0;
			defaultConfigurationName = Release;
		};
		9F158C1A2414FD95008FE785 /* Build configuration list for PBXNativeTarget "NTNU Course CrawerTests" */ = {
			isa = XCConfigurationList;
			buildConfigurations = (
				9F158C1B2414FD95008FE785 /* Debug */,
				9F158C1C2414FD95008FE785 /* Release */,
			);
			defaultConfigurationIsVisible = 0;
			defaultConfigurationName = Release;
		};
		9F158C1D2414FD95008FE785 /* Build configuration list for PBXNativeTarget "NTNU Course CrawerUITests" */ = {
			isa = XCConfigurationList;
			buildConfigurations = (
				9F158C1E2414FD95008FE785 /* Debug */,
				9F158C1F2414FD95008FE785 /* Release */,
			);
			defaultConfigurationIsVisible = 0;
			defaultConfigurationName = Release;
		};
/* End XCConfigurationList section */
	};
	rootObject = 9F158BE52414FD8D008FE785 /* Project object */;
}
